{
    "_meta": {
        "hash": {
            "sha256": "c9abea5610cce5d6f9b2906698cb2d3718d7f245ec59d7af84fbbeeffd8d6130"
        },
        "host-environment-markers": {
            "implementation_name": "cpython",
            "implementation_version": "3.5.2",
            "os_name": "posix",
            "platform_machine": "x86_64",
            "platform_python_implementation": "CPython",
            "platform_release": "4.8.0-36-generic",
            "platform_system": "Linux",
            "platform_version": "#36~16.04.1-Ubuntu SMP Sun Feb 5 09:39:57 UTC 2017",
            "python_full_version": "3.5.2",
            "python_version": "3.5",
            "sys_platform": "linux"
        },
        "pipfile-spec": 6,
        "requires": {},
        "sources": [
            {
                "name": "pypi",
                "url": "https://pypi.python.org/simple",
                "verify_ssl": true
            }
        ]
    },
    "default": {
        "attrs": {
            "hashes": [
                "sha256:a17a9573a6f475c99b551c0e0a812707ddda1ec9653bed04c13841404ed6f450",
                "sha256:1c7960ccfd6a005cd9f7ba884e6316b5e430a3f1a6c37c5f87d8b43f83b54ec9"
            ],
            "version": "==17.4.0"
        },
        "awesome-slugify": {
            "hashes": [
                "sha256:bbdec3fa2187917473a2efad092b57f7125a55f841a7cf6a1773178d32ccfd71"
            ],
            "version": "==1.6.5"
        },
        "certifi": {
            "hashes": [
                "sha256:14131608ad2fd56836d33a71ee60fa1c82bc9d2c8d98b7bdbc631fe1b3cd1296",
                "sha256:edbc3f203427eef571f79a7692bb160a2b0f7ccaa31953e99bd17e307cf63f7d"
            ],
            "version": "==2018.1.18"
        },
        "chardet": {
            "hashes": [
                "sha256:fc323ffcaeaed0e0a02bf4d117757b98aed530d9ed4531e3e15460124c106691",
                "sha256:84ab92ed1c4d4f16916e05906b6b75a6c0fb5db821cc65e70cbd64a3e2a5eaae"
            ],
            "version": "==3.0.4"
        },
        "coreapi": {
            "hashes": [
                "sha256:bf39d118d6d3e171f10df9ede5666f63ad80bba9a29a8ec17726a66cf52ee6f3",
                "sha256:46145fcc1f7017c076a2ef684969b641d18a2991051fddec9458ad3f78ffc1cb"
            ],
            "version": "==2.3.3"
        },
        "coreschema": {
            "hashes": [
                "sha256:5e6ef7bf38c1525d5e55a895934ab4273548629f16aed5c0a6caa74ebf45551f",
                "sha256:9503506007d482ab0867ba14724b93c18a33b22b6d19fb419ef2d239dd4a1607"
            ],
            "version": "==0.0.4"
        },
        "decorator": {
            "hashes": [
                "sha256:94d1d8905f5010d74bbbd86c30471255661a14187c45f8d7f3e5aa8540fdb2e5",
                "sha256:7d46dd9f3ea1cf5f06ee0e4e1277ae618cf48dfb10ada7c8427cd46c42702a0e"
            ],
            "version": "==4.2.1"
        },
        "defusedxml": {
            "hashes": [
                "sha256:702a91ade2968a82beb0db1e0766a6a273f33d4616a6ce8cde475d8e09853b20",
                "sha256:24d7f2f94f7f3cb6061acb215685e5125fbcdc40a857eff9de22518820b0a4f4"
            ],
            "version": "==0.5.0"
        },
        "diff-match-patch": {
            "hashes": [
                "sha256:9dba5611fbf27893347349fd51cc1911cb403682a7163373adacc565d11e2e4c"
            ],
            "version": "==20121119"
        },
        "django": {
            "hashes": [
                "sha256:0120b3b60760fb0617848b58aaa9702c0bf963320ed472f0879c5c55ab75b64a",
                "sha256:b6f3b864944276b4fd1d099952112696558f78b77b39188ac92b6c5e80152c30"
            ],
            "version": "==1.11"
        },
        "django-allauth": {
            "hashes": [
                "sha256:e593338d87a57100a6fb64760e2ab8dd67fa6af8d016b4620166c832ecdec23a"
            ],
            "version": "==0.32.0"
        },
        "django-braces": {
            "hashes": [
                "sha256:6be8277a535565e2140f7b1eb83ec26aa8d181acc8bb046875142a2792e4babe",
                "sha256:5898ab2ce4ca7c85b21aedf789b96e90c59dc75d26db6d9a4dc0cff3fc7a7aca"
            ],
            "version": "==1.11.0"
        },
        "django-cors-headers": {
            "hashes": [
                "sha256:a810d81dbdff01824e23cb9e60c7371112f282bc35dde292187eec07b9332275",
                "sha256:3bb6aa645ecd27375350a8eb534705458c21ac21cdd955d0601237bdaa9af171"
            ],
            "version": "==2.0.0"
        },
        "django-crispy-forms": {
            "hashes": [
                "sha256:18e904c7bd55c45201739cb343272767ff820263a1fca40a7b388006ce94910c",
                "sha256:c894f3a44e111ae6c6226c67741d96d120adb942de41dc8b2a991b87de7ff9c0"
            ],
            "version": "==1.6.1"
        },
        "django-environ": {
            "hashes": [
                "sha256:690628e73f999ac9387416505beb50ecd99a70ddb407d69682c62f59b7b011df",
                "sha256:f0169dbcc81ba7068d53dfa58b93a0722aa86b215297f1f99312ff7ea5bcecf3"
            ],
            "version": "==0.4.3"
        },
        "django-extensions": {
            "hashes": [
                "sha256:b29373cc2dd087d978166c2183f272db77a0dace565ba6393bbffed7ce7344aa",
                "sha256:c8b39b1c929785286a5ec5f38f9c90f7481fbe51a036161d1b622e7a6abaa1d6"
            ],
            "version": "==1.8.1"
        },
        "django-filter": {
            "hashes": [
                "sha256:6ef1611aeacfda8f13a075a992ff65687afbd5cc8fcb0f3f1563a9ad4fe2d1b0",
                "sha256:e44620d4e707beaff7396ac8df765dc015a07467df813b9c1663fe4017934b58"
            ],
            "version": "==1.0.4"
        },
        "django-import-export": {
            "hashes": [
                "sha256:5a932117a082971250703dec1ffcb6a92f913c393ef87b53331ee812b2b2fd4e"
            ],
            "version": "==0.5.1"
        },
        "django-model-utils": {
            "hashes": [
                "sha256:60ead1ba50e1353f38bde12ab8b4a80b6a0f825a8e53c348fe259548cbd1a312"
            ],
            "version": "==3.0.0"
        },
        "djangorestframework": {
            "hashes": [
                "sha256:1f6baf40ed456ed2af6bd1a4ff8bbc3503cebea16509993aea2b7085bc097766",
                "sha256:9f9e94e8d22b100ed3a43cee8c47a7ff7b185e778a1f2da9ec5c73fc4e081b87"
            ],
            "version": "==3.7.7"
        },
        "drf-yasg": {
            "hashes": [
                "sha256:23cdea1531cce7f12b0a0e6d5abbab21860624f59ea4d7b639222ec0d51f6fec"
            ],
            "version": "==1.1.3"
        },
        "et-xmlfile": {
            "hashes": [
                "sha256:614d9722d572f6246302c4491846d2c393c199cfa4edc9af593437691683335b"
            ],
            "version": "==1.0.1"
        },
        "future": {
            "hashes": [
                "sha256:e39ced1ab767b5936646cedba8bcce582398233d6a627067d4c6a454c90cfedb"
            ],
            "version": "==0.16.0"
        },
        "gunicorn": {
            "hashes": [],
            "version": "==19.7"
        },
        "idna": {
            "hashes": [
                "sha256:8c7309c718f94b3a625cb648ace320157ad16ff131ae0af362c9f21b80ef6ec4",
                "sha256:2c6a5de3089009e3da7c5dde64a141dbc8551d5b7f6cf4ed7c2568d0cc520a8f"
            ],
            "version": "==2.6"
        },
        "inflection": {
            "hashes": [
                "sha256:18ea7fb7a7d152853386523def08736aa8c32636b047ade55f7578c4edeb16ca"
            ],
            "version": "==0.3.1"
        },
        "ipdb": {
            "hashes": [
                "sha256:9ea256b4280fbe12840fb9dfc3ce498c6c6de03352eca293e4400b0dfbed2b28"
            ],
            "version": "==0.10.3"
        },
        "ipython": {
            "hashes": [
                "sha256:af2b1ca3e073b7230b975858c0f5fcc659aa25181335b40ab09b00bf91134d93",
                "sha256:0a45d844d11bec910974ed4adf5de60d42dc34b60960f8cc2b857e2008fba550",
                "sha256:afaa92343c20cf4296728161521d84f606d8817f963beaf7198e63dfede897fb"
            ],
            "version": "==5.4.1"
        },
        "ipython-genutils": {
            "hashes": [
                "sha256:72dd37233799e619666c9f639a9da83c34013a73e8bbc79a7a6348d93c61fab8",
                "sha256:eb2e116e75ecef9d4d228fdc66af54269afa26ab4463042e33785b887c628ba8"
            ],
            "version": "==0.2.0"
        },
        "itypes": {
            "hashes": [
                "sha256:c6e77bb9fd68a4bfeb9d958fea421802282451a25bac4913ec94db82a899c073"
            ],
            "version": "==1.1.0"
        },
        "jdcal": {
            "hashes": [
                "sha256:b760160f8dc8cc51d17875c6b663fafe64be699e10ce34b6a95184b5aa0fdc9e"
            ],
            "version": "==1.3"
        },
        "jinja2": {
            "hashes": [
                "sha256:74c935a1b8bb9a3947c50a54766a969d4846290e1e788ea44c1392163723c3bd",
                "sha256:f84be1bb0040caca4cea721fcbbbbd61f9be9464ca236387158b0feea01914a4"
            ],
            "version": "==2.10"
        },
        "markdown": {
            "hashes": [
                "sha256:0ac8a81e658167da95d063a9279c9c1b2699f37c7c4153256a458b3a43860e33"
            ],
            "version": "==2.6.8"
        },
        "markupsafe": {
            "hashes": [
                "sha256:a6be69091dac236ea9c6bc7d012beab42010fa914c459791d627dad4910eb665"
            ],
            "version": "==1.0"
        },
        "mysqlclient": {
            "hashes": [
                "sha256:b3b1a7e4468180afb79289b54069d9499242946a4cedf3928cbf6b2a13800016",
                "sha256:d56e379c03efad746e84705cbb97401f60d1f98b05e11a27f2d9c2d043936974",
                "sha256:371df79d000af56b4e540b7ce2120d1c9afb04b751bfce25a1eb609c50fd10ff",
                "sha256:1e85e48b167e2af3bb08f273fdbd1ad6401cbe75057fa6513f97387dc7b282dc",
                "sha256:2d9ec33de39f4d9c64ad7322ede0521d85829ce36a76f9dd3d6ab76a9c8648e5"
            ],
            "version": "==1.3.12"
        },
        "oauthlib": {
            "hashes": [
                "sha256:ce57b501e906ff4f614e71c36a3ab9eacbb96d35c24d1970d2539bbc3ec70ce1"
            ],
            "version": "==2.0.6"
        },
        "odfpy": {
            "hashes": [
                "sha256:ab1d67311b3c42dfad1063692c419c137fd6d5a6f0c6380d13758c2593a2b8c9",
                "sha256:6bcaf3b23aa9e49ed8c8c177266539b211add4e02402748a994451482a10cb1b"
            ],
            "version": "==1.3.6"
        },
        "openapi-codec": {
            "hashes": [
                "sha256:1bce63289edf53c601ea3683120641407ff6b708803b8954c8a876fe778d2145"
            ],
            "version": "==1.3.2"
        },
        "openpyxl": {
            "hashes": [
                "sha256:0ff2e0c2c85cbf42e82dd223e7f2401a62dc73c18cd9e5dd7763dc6c8014ebde"
            ],
            "version": "==2.5.0"
        },
        "pexpect": {
            "hashes": [
                "sha256:6ff881b07aff0cb8ec02055670443f784434395f90c3285d2ae470f921ade52a",
                "sha256:67b85a1565968e3d5b5e7c9283caddc90c3947a2625bed1905be27bd5a03e47d"
            ],
            "markers": "sys_platform != 'win32'",
            "version": "==4.4.0"
        },
        "pickleshare": {
            "hashes": [
                "sha256:c9a2541f25aeabc070f12f452e1f2a8eae2abd51e1cd19e8430402bdf4c1d8b5",
                "sha256:84a9257227dfdd6fe1b4be1319096c20eb85ff1e82c7932f36efccfe1b09737b"
            ],
            "version": "==0.7.4"
        },
        "pillow": {
            "hashes": [
                "sha256:718ec7a122b28d64afc5fbc3a9b99bb0545ef511373cac06fe7624520e82cb20",
                "sha256:801cca8923508311bf5d6d0f7da5362552e8208ebd8ec0d7b9f2cd2ff5705734",
                "sha256:43334f9581cd067945b8898cef9eb5714ee4883f8de0304c011f1dbdb1d4e2aa",
                "sha256:153ec6f18f7b61641e0e6e502acfaf4a06c9aba2ea11c0b4b3578ea9f13a4a4a",
                "sha256:25193f934d37d836a6b1f4c062ce574a96cbca7c6d9dc8ddfbbac7f9c54deaa4",
                "sha256:b85f703c2ffe539313e39ce0676bed0f355cec45a16e58c9ab7417445843047c",
                "sha256:8580fc58074a16b749905b26cf8363f7b628dd167ba0130f5382cdc91c86b509",
                "sha256:2fcde9954c8882d1c7f93bb828caa34a4c5e3ee69dbc7895dc8652ad972b455a",
                "sha256:1a5b93084e01328a1cb1ecdad99d11d75e881e89a95f88d85b523646553b36c2",
                "sha256:b2240f298482f823576f397bb9f32ea913ad9456c526e141bc6f0a022b37a3e8",
                "sha256:b1d33c63a55d0d85df0ad02b2c16158fb4d8153afa7b908f1a67330fac694cd6",
                "sha256:6977cf073d83358b34f93abf5c1f1193b88675fe0e4441e0e28318bc3dcba7a0",
                "sha256:1912b7230459fd53682dae32b83cbd8e5d642ba36d4be18566f00a9c063aa13d",
                "sha256:4bd4a71501b6d51db4abc07e1f43f5a6fed0a1a9583cca0b401d6af50284b0db",
                "sha256:0013f590a8f260df60bcfd65db19d18efc04e7f046c3c82a40e2e2b3292a937c",
                "sha256:a224651a81e45ef4f1d0164e256c5f6b4abb49f2ae8f22ba2f3a9d0ff338e608",
                "sha256:c793dfaa130847ccff958492b76ae8b9304e60b8a79a92962cb19e368276a22b",
                "sha256:0b899ee80920bb533f26581af9b4660bc12aff4562555afe74e429101ebf3c94",
                "sha256:9525cd680a6f9e80c6c0af03cf973e6505c59f60b4745f682cd1a449e54b31bb",
                "sha256:35f7d998b8e82fb3fb51ff88b30485eb81cd7dd56ec7e1a8deba23eb88532d44",
                "sha256:5b0d657460d9f3615876fec6306e97ca15a471f6169b622d76a47e270998acf1",
                "sha256:ddd16ab250b4fc97db1c47407e78c25216a75c29d29d10ad37e51b7a2ec7b2c3",
                "sha256:b9f63451084a718eccdeb1e382768c94647915653af4d6019f64560d9e98642b",
                "sha256:a370d1c570f1d72e877099651e752332444b1c5009381f043c9da5fd47f3ebae",
                "sha256:dc4b018d5c9b636f7546583c5591b9ea00c328c3e5871992ef5b95bac353f097",
                "sha256:e126ff4fed71e78333840c07279e1617f63cfca76d63ad5b27d65a7277206a3d",
                "sha256:fcf64c91fd44485100a2965d23bb0e227d093e91f7e776c5ca3b32574766eb56",
                "sha256:2c042352b430d678db50c78c5214e19638eff8b688941271da2de21fd298dfe5",
                "sha256:17fe25efc785194d48c38fad85dce470013ba19d2fb66639e149f14bccf1327f",
                "sha256:2e818dbe445e86fc6c266973fe540c35125c42eb2cf13a6095e9adaa89c0deb5",
                "sha256:135e9aa65150c53f7db85bf2bebb8a0e1a48ea850e80cf66e16dd04fa09d309c",
                "sha256:7dfbefdb3fb911ca9faed307bf309861e9995e36cca6b761c7ba6d9b77a9744a",
                "sha256:12f29d6c23424f704c66b5b68c02fe0b571504459605cfe36ab8158359b0e1bb",
                "sha256:f8d49be8c282df8d2e1ab6ab53ab8abd859b1fa6fed384457ee85c9eff64ef97",
                "sha256:82b172e3264e62372c01b5b009b5b1a02fbb9276cbe5cc57ab00a6d6e5ed9a18",
                "sha256:57aa6198ba8acba1313c3b743e267d821a60cac77e6026caf0b55ca58d3d23be",
                "sha256:d60c1625b108432ace8b1fa1a584017e5efa73f107d0f493c7f39c79bebf1d41",
                "sha256:82d1ff571489765df2816785d532e243bde213752156c227fca595723ec5ff42",
                "sha256:37cc0339abfa9e295c75d9a7f227d35cb44716feb95057f9449c4a9e9a17daf7",
                "sha256:931030d1d6282b7900e6b0a7ff9ecdb503b5e1e6781800dab2b71a9f39405bff",
                "sha256:5cd36804f9f06a914a883fe682df5711d16d7b4f44d43189c5f013e7cd91e149"
            ],
            "version": "==5.0.0"
        },
        "pluggy": {
            "hashes": [
                "sha256:7f8ae7f5bdf75671a718d2daf0a64b7885f74510bcd98b1a0bb420eb9a9d0cff"
            ],
            "version": "==0.6.0"
        },
        "prompt-toolkit": {
            "hashes": [
                "sha256:3f473ae040ddaa52b52f97f6b4a493cfa9f5920c255a12dc56a7d34397a398a4",
                "sha256:1df952620eccb399c53ebb359cc7d9a8d3a9538cb34c5a1344bdbeb29fbcc381",
                "sha256:858588f1983ca497f1cf4ffde01d978a3ea02b01c8a26a8bbc5cd2e66d816917"
            ],
            "version": "==1.0.15"
        },
        "psycopg2": {
            "hashes": [
                "sha256:f4cc27830081147ebca6eb729329c64b7f8e92e415733aa26705dd9f03303038",
                "sha256:34b7e41d1747b26df3baf5397949cc938261c547f3bce208ffc7826c3897d5ac",
                "sha256:2a9c4bc78922be9d34a11fc38b75bef122d44f465eaf5f2a44021f7cbda3dfd6",
                "sha256:9f9de8b5e1b0b648bf4535b721a58eaccf92f747cd8d94380171a36f18553601",
                "sha256:0c68fb507415ce022402244cffe740018c9506367fe2d6323f0b47e2544b6b36",
                "sha256:0147e990cef0332e239de711f165b2a5e6feb7c5f8583985d4a3dcac1680a782",
                "sha256:f1f6d1b0ab40e8d43e294c7a1cc6fe6d47a88225583e581c15e8bfcff04b3863",
                "sha256:18c2294c2a0a0df6bb5adfbcae50922b0e75909df8642c9286bf6b867866d181",
                "sha256:bf48be2d01f6e34e5fbd8976f7b66158a83a33b92739acd13fc1934c60b71cfb",
                "sha256:d2e98ff1546c632c29f740a938ba6e29d327ef55f3e816dd43c1e4e7d8cd369a",
                "sha256:4004e84c2846badfa1e14ba3cf5b9d7471071c872c1dd6290013c89fa2cc63b1",
                "sha256:26551d8873130b9558628c5f0288bd07b00c3f82f7dbfe0acf3cd7cd45746672",
                "sha256:304304e8efce4077621f9a14cb7e53cdacb4a14ec92f5628204bc4254d4840fb",
                "sha256:6b26f9ec7a0c5ca1b3528918caeb3c73bfceaced3fdea59d045c886cc2c43344",
                "sha256:a14bd664f4db452612688e8031fdf74da489cb042d78d49f2bbfcfa97aae135d",
                "sha256:ad0e145952e2e91aa1d80c4b9bd8ba9059f39b3538da7b1133b2ed84eb132ed3",
                "sha256:905764e8d1557e536c9fac35d412a21ad87b558e794104437bf4012a83438ed2",
                "sha256:f04d56f664108af9571d278c0ed942ecef0dd3e072fe21ac8c7497a51bfcdfba",
                "sha256:3a11a757e61e3eb5dfa334cf0ce86f9fa1919efadbb98af833eaf3bcb90d7e58",
                "sha256:ccd55766033411206d700bcd11e064081f784f256c4d4f6883dca4c3bde21ae2",
                "sha256:38ff8f65deb947a7499f24ceb5b40db24540027fdf7d927f4d2aab35fbbdd6b0",
                "sha256:3f64897312a08928e71343fedc2a3812a1c46f03025fe327e5d41e0a7be53ee9",
                "sha256:9c9fe11f87c44e83620b2273f40338e3c25fdbfd34986dddc77e840e0acd25bc",
                "sha256:32184c60b445ac9eb4a0058d54f7a5dddae6928f94dfa3683157dc5e70321212",
                "sha256:b4f24faa25232073092d246fc6118c29130c8a5bcc8fd4239edeba20fb12b24a",
                "sha256:74ee532d6068a1456d5eda254513656c716cdee0a7389c91c094c7ce3500a9c9",
                "sha256:ba6f4786262b4999f9cca420827469c88a79e1f65dabf6bb8a300518f7e11472",
                "sha256:4cae3856e9b41a4861ad32fd8a4aabc7669a0b828776bb3ce0ca29333dabf40c",
                "sha256:8f57535a377c23a78d5a8bbe929ec6977adb3e137fa42500436c784c60141613",
                "sha256:911af115bb526b3a5d2f50e05096afc05e3867f55f24532b4a70811e63deab57",
                "sha256:86c9355f5374b008c8479bc00023b295c07d508f7c3b91dbd2e74f8925b1d9c6"
            ],
            "version": "==2.7.1"
        },
        "ptyprocess": {
            "hashes": [
                "sha256:e8c43b5eee76b2083a9badde89fd1bbce6c8942d1045146e100b7b5e014f4f1a",
                "sha256:e64193f0047ad603b71f202332ab5527c5e52aa7c8b609704fc28c0dc20c4365"
            ],
            "version": "==0.5.2"
        },
        "py": {
            "hashes": [
                "sha256:8cca5c229d225f8c1e3085be4fcf306090b00850fefad892f9d96c7b6e2f310f",
                "sha256:ca18943e28235417756316bfada6cd96b23ce60dd532642690dcfdaba988a76d"
            ],
            "version": "==1.5.2"
        },
        "pygments": {
            "hashes": [
                "sha256:78f3f434bcc5d6ee09020f92ba487f95ba50f1e3ef83ae96b9d5ffa1bab25c5d",
                "sha256:dbae1046def0efb574852fab9e90209b23f556367b5a320c0bcb871c77c3e8cc"
            ],
            "version": "==2.2.0"
        },
        "pytest": {
            "hashes": [
                "sha256:95fa025cd6deb5d937e04e368a00552332b58cae23f63b76c8c540ff1733ab6d",
                "sha256:6074ea3b9c999bd6d0df5fa9d12dd95ccd23550df2a582f5f5b848331d2e82ca"
            ],
            "version": "==3.4.0"
        },
        "pytest-django": {
            "hashes": [
                "sha256:00995c2999b884a38ae9cd30a8c00ed32b3d38c1041250ea84caf18085589662",
                "sha256:038ccc5a9daa1b1b0eb739ab7dce54e495811eca5ea3af4815a2a3ac45152309"
            ],
            "version": "==3.1.2"
        },
        "python3-openid": {
            "hashes": [
                "sha256:0086da6b6ef3161cfe50fb1ee5cceaf2cda1700019fda03c2c5c440ca6abe4fa",
                "sha256:628d365d687e12da12d02c6691170f4451db28d6d68d050007e4a40065868502"
            ],
            "version": "==3.1.0"
        },
        "pytz": {
            "hashes": [
                "sha256:c883c2d6670042c7bc1688645cac73dd2b03193d1f7a6847b6154e96890be06d",
                "sha256:03c9962afe00e503e2d96abab4e8998a0f84d4230fa57afe1e0528473698cdd9",
                "sha256:487e7d50710661116325747a9cd1744d3323f8e49748e287bc9e659060ec6bf9",
                "sha256:43f52d4c6a0be301d53ebd867de05e2926c35728b3260157d274635a0a947f1c",
                "sha256:d1d6729c85acea5423671382868627129432fba9a89ecbb248d8d1c7a9f01c67",
                "sha256:54a935085f7bf101f86b2aff75bd9672b435f51c3339db2ff616e66845f2b8f9",
                "sha256:39504670abb5dae77f56f8eb63823937ce727d7cdd0088e6909e6dcac0f89043",
                "sha256:ddc93b6d41cfb81266a27d23a79e13805d4a5521032b512643af8729041a81b4",
                "sha256:f5c056e8f62d45ba8215e5cb8f50dfccb198b4b9fbea8500674f3443e4689589"
            ],
            "version": "==2017.2"
        },
        "pyyaml": {
            "hashes": [
                "sha256:3262c96a1ca437e7e4763e2843746588a965426550f3797a79fca9c6199c431f",
                "sha256:16b20e970597e051997d90dc2cddc713a2876c47e3d92d59ee198700c5427736",
                "sha256:e863072cdf4c72eebf179342c94e6989c67185842d9997960b3e69290b2fa269",
                "sha256:bc6bced57f826ca7cb5125a10b23fd0f2fff3b7c4701d64c439a300ce665fff8",
                "sha256:c01b880ec30b5a6e6aa67b09a2fe3fb30473008c85cd6a67359a1b15ed6d83a4",
                "sha256:827dc04b8fa7d07c44de11fabbc888e627fa8293b695e0f99cb544fdfa1bf0d1",
                "sha256:592766c6303207a20efc445587778322d7f73b161bd994f227adaa341ba212ab",
                "sha256:5f84523c076ad14ff5e6c037fe1c89a7f73a3e04cf0377cb4d017014976433f3",
                "sha256:0c507b7f74b3d2dd4d1322ec8a94794927305ab4cebbe89cc47fe5e81541e6e8",
                "sha256:b4c423ab23291d3945ac61346feeb9a0dc4184999ede5e7c43e1ffb975130ae6",
                "sha256:ca233c64c6e40eaa6c66ef97058cdc80e8d0157a443655baa1b2966e812807ca",
                "sha256:4474f8ea030b5127225b8894d626bb66c01cda098d47a2b0d3429b6700af9fd8",
                "sha256:326420cbb492172dec84b0f65c80942de6cedb5233c413dd824483989c000608",
                "sha256:5ac82e411044fb129bae5cfbeb3ba626acb2af31a8d17d175004b70862a741a7"
            ],
            "version": "==3.12"
        },
        "regex": {
            "hashes": [
                "sha256:33ddabde9a114e550a9e0b4c3c807b0f6a91a60b40660cadb1161572944911a8",
                "sha256:ed1baaa1ebb58fee07f42b6a3b7c65847a8e9e157121bcb54094f4878cb1a28f",
                "sha256:b7f892a5390b21748dc68c276879d09095cbabf03f14f2d9c83dc53f026744af",
                "sha256:dbd173999c7371f184c9377ead9dcb1462bad5e64fe674098308d72b1ecf3223",
                "sha256:cbb48e3bd4e4da3a05a1a6967f8e7bfc2064c7cbf0d1cbec283efd2250865104",
                "sha256:a2d1d74296460dc6acc444b99bb142958ec0544a8aec255a5424af4583901d86",
                "sha256:2b246e30e7f381dbff535cced74156e29971c1f588af4930d46f51cc8ba68c79",
                "sha256:53ce3cab0f41de2171bea75db8f66ee582eb73c1f44c79cdc154eb99d9174680",
                "sha256:d57d2e3742098cbe2f9f8567b5b38e3d0a93df88ce94e17672e1b1abd2a5feca",
                "sha256:570fae4ae1af7a14029c5795688455009a5851fc8625fe85a2bf7fdc2ff5a2c9",
                "sha256:da7ccf77ad5b6c0e72b524d2907f2707062d5619b28d3461a238840e56eea701",
                "sha256:b2c3e6d842589a822c6a49fd98809d49ac9e6a06137a2a48b283c5a8928ae132",
                "sha256:767b041829e52dafb35823e14cf506f961f42d876a45e7de9dbfeb56b0b7e23d",
                "sha256:c37ba8c83a6bfc71ac48885e594ff62fd26e81e5db34cf82456bd73f0607c290",
                "sha256:2353c0e983c4029caf32016f1dddef623c3117ac282a818468c6d2f5d541698d"
            ],
            "version": "==2018.2.8"
        },
        "requests": {
            "hashes": [
                "sha256:6a1b267aa90cac58ac3a765d067950e7dbbf75b1da07e895d1f594193a40a38b",
                "sha256:9c443e7324ba5b85070c4a818ade28bfabedf16ea10206da1132edaa6dda237e"
            ],
            "version": "==2.18.4"
        },
        "requests-oauthlib": {
            "hashes": [
                "sha256:50a8ae2ce8273e384895972b56193c7409601a66d4975774c60c2aed869639ca",
                "sha256:883ac416757eada6d3d07054ec7092ac21c7f35cb1d2cf82faf205637081f468"
            ],
            "version": "==0.8.0"
        },
        "ruamel.yaml": {
            "hashes": [
                "sha256:14d161558e3bf89e87d77c218098be22fa9a0d6d0bea40250fce525b1d0cbee2",
                "sha256:fcfc24a21594c071cc4588e84b7657a1f47ebcf6037c6c43fa15c4bbd3989ec2",
                "sha256:02babffd019911841ba01b76e23dfec7c9e9b2725503fb2698c4982fa1a6e835",
                "sha256:c0908896e34b617ead40552cab03c1769bdc43d1da02419160dc900c5dfddde2",
                "sha256:01e30ecb1b1c0ebf9fce814dc20dace402571517277799291202b61b22096c24",
                "sha256:b6c5d5f03ba78e3f27c7188a00c4e09b6a4507fe3154ba40a294e09cb30ee016",
                "sha256:9225c83952d28f302cfc23c3d9a6f8231bfd581476d7aff1e3c7de49eecb4ee9",
                "sha256:c41e04b526d0153c9246cfab87d7ddefdc9f165cb8886a8ec48ba7a2b73069f6",
                "sha256:6d05c5a5baf829c70916c226ef3200650846a7227de226bca8a59efaf88bb973",
                "sha256:e3bbfe0d294e08fdbb0cb05485435a2ceb4e168e98b5dc611f051c1864986b4b",
                "sha256:68c8f2986bcb91b6db1aea8698941769840c7257e951a9377048f7eff35be773",
                "sha256:072f6364a89972e8dc0afdce3335a709d5464dfeaa4f736d092a54574338b874",
                "sha256:5504398fc755a2b14c9983b2101161a8591a4b30812590cc1c365e7fcc117dfa",
                "sha256:e2d2715bf92156bec5fb42e92e95dac1c4d9904f8a3d4e2d0c438758fe9092d7",
                "sha256:6d7929b24e329d662fa43b657fddfee5260e2d35d0a543065cd755d4e17a9b2f",
                "sha256:f2d02a4af5a13b09d0b823cdd0317b54f3e0115e50b5ac4d9840c3a1b566817f",
                "sha256:8dc74821e4bb6b21fb1ab35964e159391d99ee44981d07d57bf96e2395f3ef75"
            ],
            "version": "==0.15.35"
        },
        "simplegeneric": {
            "hashes": [
                "sha256:dc972e06094b9af5b855b3df4a646395e43d1c9d0d39ed345b7393560d0b9173"
            ],
            "version": "==0.8.1"
        },
        "six": {
            "hashes": [
                "sha256:832dc0e10feb1aa2c68dcc57dbb658f1c7e65b9b61af69048abc87a2db00a0eb",
                "sha256:70e8a77beed4562e7f14fe23a786b54f6296e34344c23bc42f07b15018ff98e9"
            ],
            "version": "==1.11.0"
        },
        "tablib": {
            "hashes": [
                "sha256:b8cf50a61d66655229993f2ee29220553fb2c80403479f8e6de77c0c24649d87"
            ],
            "version": "==0.12.1"
        },
        "traitlets": {
            "hashes": [
                "sha256:c6cb5e6f57c5a9bdaa40fa71ce7b4af30298fbab9ece9815b5d995ab6217c7d9",
                "sha256:9c4bd2d267b7153df9152698efb1050a5d84982d3384a37b2c1f7723ba3e7835"
            ],
            "version": "==4.3.2"
        },
        "unicodecsv": {
            "hashes": [
                "sha256:018c08037d48649a0412063ff4eda26eaa81eff1546dbffa51fa5293276ff7fc"
            ],
            "version": "==0.14.1"
        },
        "unidecode": {
            "hashes": [
                "sha256:61f807220eda0203a774a09f84b4304a3f93b5944110cc132af29ddb81366883",
                "sha256:280a6ab88e1f2eb5af79edff450021a0d3f0448952847cd79677e55e58bad051"
            ],
            "version": "==0.4.21"
        },
        "uritemplate": {
            "hashes": [
                "sha256:01c69f4fe8ed503b2951bef85d996a9d22434d2431584b5b107b2981ff416fbd",
                "sha256:1b9c467a940ce9fb9f50df819e8ddd14696f89b9a8cc87ac77952ba416e0a8fd",
                "sha256:c02643cebe23fc8adb5e6becffe201185bf06c40bda5c0b4028a93f1527d011d"
            ],
            "version": "==3.0.0"
        },
        "urllib3": {
            "hashes": [
                "sha256:06330f386d6e4b195fbfc736b297f58c5a892e4440e54d294d7004e3a9bbea1b",
                "sha256:cc44da8e1145637334317feebd728bd869a35285b93cbb4cca2577da7e62db4f"
            ],
            "version": "==1.22"
        },
        "wcwidth": {
            "hashes": [
                "sha256:f4ebe71925af7b40a864553f761ed559b43544f8f71746c2d756c7fe788ade7c",
                "sha256:3df37372226d6e63e1b1e1eda15c594bca98a22d33a23832a90998faa96bc65e"
            ],
            "version": "==0.1.7"
        },
        "whitenoise": {
            "hashes": [
                "sha256:1d62a003a0ab747de96da45c831cbb512dcb7f69c1ef0bd20b1cd4ae45d8a0c4",
                "sha256:d098327276de6fd189398a7bcb95789d1bb2d41b3e011eeae4562f6b1a107dd4"
            ],
            "version": "==3.3.0"
        },
        "xlrd": {
            "hashes": [
                "sha256:83a1d2f1091078fb3f65876753b5302c5cfb6a41de64b9587b74cefa75157148",
                "sha256:8a21885513e6d915fe33a8ee5fdfa675433b61405ba13e2a69e62ee36828d7e2"
            ],
            "version": "==1.1.0"
        },
        "xlwt": {
            "hashes": [
                "sha256:a082260524678ba48a297d922cc385f58278b8aa68741596a87de01a9c628b2e",
                "sha256:c59912717a9b28f1a3c2a98fd60741014b06b043936dcecbc113eaaada156c88"
            ],
            "version": "==1.3.0"
        }
    },
    "develop": {}
}
